{
  "name": "personal-website-next",
  "version": "0.1.0",
  "lockfileVersion": 1,
  "requires": true,
  "dependencies": {
    "@netlify/plugin-nextjs": {
      "version": "5.12.1",
      "resolved": "https://registry.npmjs.org/@netlify/plugin-nextjs/-/plugin-nextjs-5.12.1.tgz",
      "integrity": "sha512-b2Ic9NkNnnh0lKC/YWDZ2+HdLd/uYdBzLvLKYOkPyFt8KEszoC+Je3GRcwBeOLxaNtK8lji7YPIjtGz8K2sLVQ==",
      "dev": true
    }
  }
}
